
Microsoft Visual Studio Solution File, Format Version 12.00
# Visual Studio Version 16
VisualStudioVersion = 16.0.29728.190
MinimumVisualStudioVersion = 10.0.40219.1
Project("{FAE04EC0-301F-11D3-BF4B-00C04F79EFBC}") = "TelephoneBook", "TelephoneBook\TelephoneBook.csproj", "{27542E90-B539-4BFD-BEA5-ABF79BFC4B99}"
EndProject
Global
	GlobalSection(SolutionConfigurationPlatforms) = preSolution
		Debug|Any CPU = Debug|Any CPU
		Release|Any CPU = Release|Any CPU
	EndGlobalSection
	GlobalSection(ProjectConfigurationPlatforms) = postSolution
		{27542E90-B539-4BFD-BEA5-ABF79BFC4B99}.Debug|Any CPU.ActiveCfg = Debug|Any CPU
		{27542E90-B539-4BFD-BEA5-ABF79BFC4B99}.Debug|Any CPU.Build.0 = Debug|Any CPU
		{27542E90-B539-4BFD-BEA5-ABF79BFC4B99}.Release|Any CPU.ActiveCfg = Release|Any CPU
		{27542E90-B539-4BFD-BEA5-ABF79BFC4B99}.Release|Any CPU.Build.0 = Release|Any CPU
	EndGlobalSection
	GlobalSection(SolutionProperties) = preSolution
		HideSolutionNode = FALSE
	EndGlobalSection
	GlobalSection(ExtensibilityGlobals) = postSolution
		SolutionGuid = {26435FFF-0544-46D1-BF93-D812CF27A97C}
	EndGlobalSection
EndGlobal
